{
  "nodes": {
    "nixpkgs": {
      "locked": {
        "lastModified": 1741905184,
        "narHash": "sha256-YTw9/XcYaNNOOngcGfAfNNmYZhUp69vbsvBvL/TbrkQ=",
        "owner": "NixOS",
        "repo": "nixpkgs",
        "rev": "beae1dc1d4f92220b23aa1815341077d87a2f0f4",
        "type": "github"
      },
      "original": {
        "owner": "NixOS",
        "ref": "release-24.11",
        "repo": "nixpkgs",
        "type": "github"
      }
    },
    "root": {
      "inputs": {
        "nixpkgs": "nixpkgs"
      }
    }
  },
  "root": "root",
  "version": 7
}
